<?xml version="1.0" encoding="utf-8"?>
<Project ToolsVersion="4.0" xmlns="http://schemas.microsoft.com/developer/msbuild/2003">
  <ItemGroup>
    <Filter Include="Source Files">
      <UniqueIdentifier>{4FC737F1-C7A5-4376-A066-2A32D752A2FF}</UniqueIdentifier>
      <Extensions>cpp;c;cc;cxx;def;odl;idl;hpj;bat;asm;asmx</Extensions>
    </Filter>
    <Filter Include="Header Files">
      <UniqueIdentifier>{93995380-89BD-4b04-88EB-625FBE52EBFB}</UniqueIdentifier>
      <Extensions>h;hh;hpp;hxx;hm;inl;inc;ipp;xsd</Extensions>
    </Filter>
    <Filter Include="Resource Files">
      <UniqueIdentifier>{67DA6AB6-F800-4c08-8B7A-83BB121AAD01}</UniqueIdentifier>
      <Extensions>rc;ico;cur;bmp;dlg;rc2;rct;bin;rgs;gif;jpg;jpeg;jpe;resx;tiff;tif;png;wav;mfcribbon-ms</Extensions>
    </Filter>
  </ItemGroup>
  <ItemGroup>
    <ClCompile Include="Source.cpp">
      <Filter>Source Files</Filter>
    </ClCompile>
    <ClCompile Include="Texture2D.cpp">
      <Filter>Source Files</Filter>
    </ClCompile>
    <ClCompile Include="GameScreen.cpp">
      <Filter>Source Files</Filter>
    </ClCompile>
    <ClCompile Include="GameScreenLevel1.cpp">
      <Filter>Source Files</Filter>
    </ClCompile>
    <ClCompile Include="GameScreenManager.cpp">
      <Filter>Source Files</Filter>
    </ClCompile>
    <ClCompile Include="Character.cpp">
      <Filter>Source Files</Filter>
    </ClCompile>
    <ClCompile Include="CharacterMario.cpp">
      <Filter>Source Files</Filter>
    </ClCompile>
    <ClCompile Include="CharacterLuigi.cpp">
      <Filter>Source Files</Filter>
    </ClCompile>
    <ClCompile Include="Collisions.cpp">
      <Filter>Source Files</Filter>
    </ClCompile>
    <ClCompile Include="LevelMap.cpp">
      <Filter>Source Files</Filter>
    </ClCompile>
    <ClCompile Include="PowBlock.cpp">
      <Filter>Source Files</Filter>
    </ClCompile>
    <ClCompile Include="CharacterKoopa.cpp">
      <Filter>Source Files</Filter>
    </ClCompile>
    <ClCompile Include="CharacterCoin.cpp">
      <Filter>Source Files</Filter>
    </ClCompile>
    <ClCompile Include="SoundManager.cpp">
      <Filter>Source Files</Filter>
    </ClCompile>
    <ClCompile Include="ScoreSystem.cpp">
      <Filter>Source Files</Filter>
    </ClCompile>
  </ItemGroup>
  <ItemGroup>
    <ClInclude Include="Constants.h">
      <Filter>Header Files</Filter>
    </ClInclude>
    <ClInclude Include="Source.h">
      <Filter>Header Files</Filter>
    </ClInclude>
    <ClInclude Include="Commons.h">
      <Filter>Header Files</Filter>
    </ClInclude>
    <ClInclude Include="Texture2D.h">
      <Filter>Header Files</Filter>
    </ClInclude>
    <ClInclude Include="resource.h">
      <Filter>Header Files</Filter>
    </ClInclude>
    <ClInclude Include="GameScreen.h">
      <Filter>Header Files</Filter>
    </ClInclude>
    <ClInclude Include="GameScreenLevel1.h">
      <Filter>Header Files</Filter>
    </ClInclude>
    <ClInclude Include="GameScreenManager.h">
      <Filter>Header Files</Filter>
    </ClInclude>
    <ClInclude Include="Character.h">
      <Filter>Header Files</Filter>
    </ClInclude>
    <ClInclude Include="CharacterMario.h">
      <Filter>Header Files</Filter>
    </ClInclude>
    <ClInclude Include="CharacterLuigi.h">
      <Filter>Header Files</Filter>
    </ClInclude>
    <ClInclude Include="Collisions.h">
      <Filter>Header Files</Filter>
    </ClInclude>
    <ClInclude Include="LevelMap.h">
      <Filter>Header Files</Filter>
    </ClInclude>
    <ClInclude Include="PowBlock.h">
      <Filter>Header Files</Filter>
    </ClInclude>
    <ClInclude Include="CharacterKoopa.h">
      <Filter>Header Files</Filter>
    </ClInclude>
    <ClInclude Include="CharacterCoin.h">
      <Filter>Header Files</Filter>
    </ClInclude>
    <ClInclude Include="SoundManager.h">
      <Filter>Header Files</Filter>
    </ClInclude>
    <ClInclude Include="ScoreSystem.h">
      <Filter>Header Files</Filter>
    </ClInclude>
  </ItemGroup>
  <ItemGroup>
    <None Include="packages.config" />
  </ItemGroup>
  <ItemGroup>
    <Library Include="SDL2main.lib" />
    <Library Include="SDL2.lib" />
    <Library Include="SDL2_image.lib" />
    <Library Include="SDL2_mixer.lib" />
  </ItemGroup>
  <ItemGroup>
    <Image Include="images\test.bmp">
      <Filter>Resource Files</Filter>
    </Image>
    <Image Include="images\Mario.png">
      <Filter>Resource Files</Filter>
    </Image>
    <Image Include="images\BackgroundMB.png">
      <Filter>Resource Files</Filter>
    </Image>
    <Image Include="images\Luigi.png">
      <Filter>Resource Files</Filter>
    </Image>
    <Image Include="images\PowBlock.png">
      <Filter>Resource Files</Filter>
    </Image>
    <Image Include="images\KoopaWalk.png">
      <Filter>Resource Files</Filter>
    </Image>
    <Image Include="images\Koopa.png">
      <Filter>Resource Files</Filter>
    </Image>
    <Image Include="images\Coin.png">
      <Filter>Resource Files</Filter>
    </Image>
    <Image Include="images\LuigiWalk.png">
      <Filter>Resource Files</Filter>
    </Image>
    <Image Include="images\MarioWalk.png">
      <Filter>Resource Files</Filter>
    </Image>
    <Image Include="images\Goomba.png">
      <Filter>Resource Files</Filter>
    </Image>
    <Image Include="images\NES - Mario Bros - General Sprites.png">
      <Filter>Resource Files</Filter>
    </Image>
  </ItemGroup>
  <ItemGroup>
    <ResourceCompile Include="Super Mario.rc">
      <Filter>Resource Files</Filter>
    </ResourceCompile>
  </ItemGroup>
  <ItemGroup>
    <Media Include="Audio\Coin.wav">
      <Filter>Resource Files</Filter>
    </Media>
    <Media Include="Audio\Jump.wav">
      <Filter>Resource Files</Filter>
    </Media>
    <Media Include="Audio\Kick.wav">
      <Filter>Resource Files</Filter>
    </Media>
    <Media Include="Audio\Mario.mp3" />
    <Media Include="Audio\MarioDeath.wav">
      <Filter>Resource Files</Filter>
    </Media>
    <Media Include="Audio\MarioUnderworld.mp3" />
    <Media Include="Audio\PowBlock.wav">
      <Filter>Resource Files</Filter>
    </Media>
    <Media Include="Audio\smb_gameover.wav">
      <Filter>Resource Files</Filter>
    </Media>
    <Media Include="Audio\smb_pause.wav">
      <Filter>Resource Files</Filter>
    </Media>
    <Media Include="Audio\smb_stage_clear.wav">
      <Filter>Resource Files</Filter>
    </Media>
    <Media Include="Audio\smb_stomp.wav">
      <Filter>Resource Files</Filter>
    </Media>
  </ItemGroup>
</Project>